
Microsoft Visual Studio Solution File, Format Version 12.00
# Visual Studio 15
VisualStudioVersion = 15.0.27703.2035
MinimumVisualStudioVersion = 10.0.40219.1
Project("{FAE04EC0-301F-11D3-BF4B-00C04F79EFBC}") = "DesafioTransire", "DesafioTransire\DesafioTransire.csproj", "{5A58F775-D1D1-436F-9083-45DFAD54449A}"
EndProject
Project("{FAE04EC0-301F-11D3-BF4B-00C04F79EFBC}") = "DesafioTransire.Tests", "DesafioTransire.Tests\DesafioTransire.Tests.csproj", "{6A0BEC8F-734F-4E48-824D-5B9F8009BB1D}"
EndProject
Global
	GlobalSection(SolutionConfigurationPlatforms) = preSolution
		Debug|Any CPU = Debug|Any CPU
		Release|Any CPU = Release|Any CPU
	EndGlobalSection
	GlobalSection(ProjectConfigurationPlatforms) = postSolution
		{5A58F775-D1D1-436F-9083-45DFAD54449A}.Debug|Any CPU.ActiveCfg = Debug|Any CPU
		{5A58F775-D1D1-436F-9083-45DFAD54449A}.Debug|Any CPU.Build.0 = Debug|Any CPU
		{5A58F775-D1D1-436F-9083-45DFAD54449A}.Release|Any CPU.ActiveCfg = Release|Any CPU
		{5A58F775-D1D1-436F-9083-45DFAD54449A}.Release|Any CPU.Build.0 = Release|Any CPU
		{6A0BEC8F-734F-4E48-824D-5B9F8009BB1D}.Debug|Any CPU.ActiveCfg = Debug|Any CPU
		{6A0BEC8F-734F-4E48-824D-5B9F8009BB1D}.Debug|Any CPU.Build.0 = Debug|Any CPU
		{6A0BEC8F-734F-4E48-824D-5B9F8009BB1D}.Release|Any CPU.ActiveCfg = Release|Any CPU
		{6A0BEC8F-734F-4E48-824D-5B9F8009BB1D}.Release|Any CPU.Build.0 = Release|Any CPU
	EndGlobalSection
	GlobalSection(SolutionProperties) = preSolution
		HideSolutionNode = FALSE
	EndGlobalSection
	GlobalSection(ExtensibilityGlobals) = postSolution
		SolutionGuid = {A2AFBDB8-B755-4051-A13D-90FC1D0D827B}
	EndGlobalSection
EndGlobal
